// !$*UTF8*$!
{
	archiveVersion = 1;
	classes = {
	};
	objectVersion = 56;
	objects = {

/* Begin PBXBuildFile section */
		6F1A27162B1B79BE001B8FED /* BookmarksTableViewCell.swift in Sources */ = {isa = PBXBuildFile; fileRef = 6F1A27152B1B79BE001B8FED /* BookmarksTableViewCell.swift */; };
		6F25E0502B15B38200620097 /* AsteroidModel.swift in Sources */ = {isa = PBXBuildFile; fileRef = 6F25E04F2B15B38200620097 /* AsteroidModel.swift */; };
		6F25E0562B16341500620097 /* AsteroidTableViewCell.swift in Sources */ = {isa = PBXBuildFile; fileRef = 6F25E0552B16341500620097 /* AsteroidTableViewCell.swift */; };
		6F25E05C2B17501700620097 /* RandomPhotoDetailViewController.swift in Sources */ = {isa = PBXBuildFile; fileRef = 6F25E05B2B17501700620097 /* RandomPhotoDetailViewController.swift */; };
		6F47DBCC2B11E6FB00992389 /* AppDelegate.swift in Sources */ = {isa = PBXBuildFile; fileRef = 6F47DBCB2B11E6FB00992389 /* AppDelegate.swift */; };
		6F47DBCE2B11E6FB00992389 /* SceneDelegate.swift in Sources */ = {isa = PBXBuildFile; fileRef = 6F47DBCD2B11E6FB00992389 /* SceneDelegate.swift */; };
		6F47DBD52B11E6FC00992389 /* Assets.xcassets in Resources */ = {isa = PBXBuildFile; fileRef = 6F47DBD42B11E6FC00992389 /* Assets.xcassets */; };
		6F47DBD82B11E6FC00992389 /* LaunchScreen.storyboard in Resources */ = {isa = PBXBuildFile; fileRef = 6F47DBD62B11E6FC00992389 /* LaunchScreen.storyboard */; };
		6F47DBE02B11F74200992389 /* HomeViewController.swift in Sources */ = {isa = PBXBuildFile; fileRef = 6F47DBDF2B11F74200992389 /* HomeViewController.swift */; };
		6F47DBE42B12012000992389 /* AsteroidViewController.swift in Sources */ = {isa = PBXBuildFile; fileRef = 6F47DBE32B12012000992389 /* AsteroidViewController.swift */; };
		6F47DBE62B1202D300992389 /* BookmarksViewController.swift in Sources */ = {isa = PBXBuildFile; fileRef = 6F47DBE52B1202D300992389 /* BookmarksViewController.swift */; };
		6F47DBE82B12157A00992389 /* MainTabBarController.swift in Sources */ = {isa = PBXBuildFile; fileRef = 6F47DBE72B12157A00992389 /* MainTabBarController.swift */; };
		6F47DBEC2B127F6B00992389 /* UIColorExtension.swift in Sources */ = {isa = PBXBuildFile; fileRef = 6F47DBEB2B127F6B00992389 /* UIColorExtension.swift */; };
		6F47DBEE2B12939900992389 /* Extension.swift in Sources */ = {isa = PBXBuildFile; fileRef = 6F47DBED2B12939900992389 /* Extension.swift */; };
		6F47DBF12B131EB700992389 /* Lottie in Frameworks */ = {isa = PBXBuildFile; productRef = 6F47DBF02B131EB700992389 /* Lottie */; };
		6F47DBFF2B13531200992389 /* nasaAnimationMain.json in Resources */ = {isa = PBXBuildFile; fileRef = 6F47DBFE2B13531200992389 /* nasaAnimationMain.json */; };
		6F47DC032B136AFB00992389 /* Photo.swift in Sources */ = {isa = PBXBuildFile; fileRef = 6F47DC022B136AFB00992389 /* Photo.swift */; };
		6F47DC052B136B8C00992389 /* PhotoNetworkManager.swift in Sources */ = {isa = PBXBuildFile; fileRef = 6F47DC042B136B8C00992389 /* PhotoNetworkManager.swift */; };
		6F47DC072B13717600992389 /* TodaysPictureViewController.swift in Sources */ = {isa = PBXBuildFile; fileRef = 6F47DC062B13717600992389 /* TodaysPictureViewController.swift */; };
		6F47DC0A2B1373CB00992389 /* SDWebImage in Frameworks */ = {isa = PBXBuildFile; productRef = 6F47DC092B1373CB00992389 /* SDWebImage */; };
		6F47DC0C2B1373CB00992389 /* SDWebImageMapKit in Frameworks */ = {isa = PBXBuildFile; productRef = 6F47DC0B2B1373CB00992389 /* SDWebImageMapKit */; };
		6F47DC142B149F1C00992389 /* Asteroid.swift in Sources */ = {isa = PBXBuildFile; fileRef = 6F47DC132B149F1C00992389 /* Asteroid.swift */; };
		6F47DC162B149F4E00992389 /* AsteroidNetworkManager.swift in Sources */ = {isa = PBXBuildFile; fileRef = 6F47DC152B149F4E00992389 /* AsteroidNetworkManager.swift */; };
		6F47DC1C2B14AE8400992389 /* RandomSetViewController.swift in Sources */ = {isa = PBXBuildFile; fileRef = 6F47DC1B2B14AE8400992389 /* RandomSetViewController.swift */; };
		6FB64D762B199934003952F0 /* BookmarkPhotoDetailViewController.swift in Sources */ = {isa = PBXBuildFile; fileRef = 6FB64D752B199933003952F0 /* BookmarkPhotoDetailViewController.swift */; };
		6FB64D802B1A09DC003952F0 /* SearchPictureViewController.swift in Sources */ = {isa = PBXBuildFile; fileRef = 6FB64D7F2B1A09DC003952F0 /* SearchPictureViewController.swift */; };
		6FD50EC52B17656900127308 /* PhotoOfTheDayNetworkManager.swift in Sources */ = {isa = PBXBuildFile; fileRef = 6FD50EC42B17656900127308 /* PhotoOfTheDayNetworkManager.swift */; };
		6FD50ECD2B17BBF400127308 /* loadingBlue.json in Resources */ = {isa = PBXBuildFile; fileRef = 6FD50ECC2B17BBF400127308 /* loadingBlue.json */; };
		6FD50ECF2B1861DF00127308 /* error.json in Resources */ = {isa = PBXBuildFile; fileRef = 6FD50ECE2B1861DF00127308 /* error.json */; };
		6FD50EE62B18F3A200127308 /* NasaModel.xcdatamodeld in Sources */ = {isa = PBXBuildFile; fileRef = 6FD50EE42B18F3A200127308 /* NasaModel.xcdatamodeld */; };
		6FD50EEA2B19057400127308 /* space.json in Resources */ = {isa = PBXBuildFile; fileRef = 6FD50EE92B19057400127308 /* space.json */; };
/* End PBXBuildFile section */

/* Begin PBXFileReference section */
		6F1A27152B1B79BE001B8FED /* BookmarksTableViewCell.swift */ = {isa = PBXFileReference; lastKnownFileType = sourcecode.swift; path = BookmarksTableViewCell.swift; sourceTree = "<group>"; };
		6F25E04F2B15B38200620097 /* AsteroidModel.swift */ = {isa = PBXFileReference; lastKnownFileType = sourcecode.swift; path = AsteroidModel.swift; sourceTree = "<group>"; };
		6F25E0552B16341500620097 /* AsteroidTableViewCell.swift */ = {isa = PBXFileReference; lastKnownFileType = sourcecode.swift; path = AsteroidTableViewCell.swift; sourceTree = "<group>"; };
		6F25E05B2B17501700620097 /* RandomPhotoDetailViewController.swift */ = {isa = PBXFileReference; lastKnownFileType = sourcecode.swift; path = RandomPhotoDetailViewController.swift; sourceTree = "<group>"; };
		6F47DBC82B11E6FB00992389 /* NasaApplication.app */ = {isa = PBXFileReference; explicitFileType = wrapper.application; includeInIndex = 0; path = NasaApplication.app; sourceTree = BUILT_PRODUCTS_DIR; };
		6F47DBCB2B11E6FB00992389 /* AppDelegate.swift */ = {isa = PBXFileReference; lastKnownFileType = sourcecode.swift; path = AppDelegate.swift; sourceTree = "<group>"; };
		6F47DBCD2B11E6FB00992389 /* SceneDelegate.swift */ = {isa = PBXFileReference; lastKnownFileType = sourcecode.swift; path = SceneDelegate.swift; sourceTree = "<group>"; };
		6F47DBD42B11E6FC00992389 /* Assets.xcassets */ = {isa = PBXFileReference; lastKnownFileType = folder.assetcatalog; path = Assets.xcassets; sourceTree = "<group>"; };
		6F47DBD72B11E6FC00992389 /* Base */ = {isa = PBXFileReference; lastKnownFileType = file.storyboard; name = Base; path = Base.lproj/LaunchScreen.storyboard; sourceTree = "<group>"; };
		6F47DBD92B11E6FC00992389 /* Info.plist */ = {isa = PBXFileReference; lastKnownFileType = text.plist.xml; path = Info.plist; sourceTree = "<group>"; };
		6F47DBDF2B11F74200992389 /* HomeViewController.swift */ = {isa = PBXFileReference; lastKnownFileType = sourcecode.swift; path = HomeViewController.swift; sourceTree = "<group>"; };
		6F47DBE32B12012000992389 /* AsteroidViewController.swift */ = {isa = PBXFileReference; lastKnownFileType = sourcecode.swift; path = AsteroidViewController.swift; sourceTree = "<group>"; };
		6F47DBE52B1202D300992389 /* BookmarksViewController.swift */ = {isa = PBXFileReference; lastKnownFileType = sourcecode.swift; path = BookmarksViewController.swift; sourceTree = "<group>"; };
		6F47DBE72B12157A00992389 /* MainTabBarController.swift */ = {isa = PBXFileReference; lastKnownFileType = sourcecode.swift; path = MainTabBarController.swift; sourceTree = "<group>"; };
		6F47DBEB2B127F6B00992389 /* UIColorExtension.swift */ = {isa = PBXFileReference; lastKnownFileType = sourcecode.swift; path = UIColorExtension.swift; sourceTree = "<group>"; };
		6F47DBED2B12939900992389 /* Extension.swift */ = {isa = PBXFileReference; lastKnownFileType = sourcecode.swift; path = Extension.swift; sourceTree = "<group>"; };
		6F47DBFE2B13531200992389 /* nasaAnimationMain.json */ = {isa = PBXFileReference; fileEncoding = 4; lastKnownFileType = text.json; path = nasaAnimationMain.json; sourceTree = "<group>"; };
		6F47DC022B136AFB00992389 /* Photo.swift */ = {isa = PBXFileReference; lastKnownFileType = sourcecode.swift; path = Photo.swift; sourceTree = "<group>"; };
		6F47DC042B136B8C00992389 /* PhotoNetworkManager.swift */ = {isa = PBXFileReference; lastKnownFileType = sourcecode.swift; path = PhotoNetworkManager.swift; sourceTree = "<group>"; };
		6F47DC062B13717600992389 /* TodaysPictureViewController.swift */ = {isa = PBXFileReference; lastKnownFileType = sourcecode.swift; path = TodaysPictureViewController.swift; sourceTree = "<group>"; };
		6F47DC132B149F1C00992389 /* Asteroid.swift */ = {isa = PBXFileReference; lastKnownFileType = sourcecode.swift; path = Asteroid.swift; sourceTree = "<group>"; };
		6F47DC152B149F4E00992389 /* AsteroidNetworkManager.swift */ = {isa = PBXFileReference; lastKnownFileType = sourcecode.swift; path = AsteroidNetworkManager.swift; sourceTree = "<group>"; };
		6F47DC1B2B14AE8400992389 /* RandomSetViewController.swift */ = {isa = PBXFileReference; lastKnownFileType = sourcecode.swift; path = RandomSetViewController.swift; sourceTree = "<group>"; };
		6FB64D752B199933003952F0 /* BookmarkPhotoDetailViewController.swift */ = {isa = PBXFileReference; lastKnownFileType = sourcecode.swift; path = BookmarkPhotoDetailViewController.swift; sourceTree = "<group>"; };
		6FB64D7F2B1A09DC003952F0 /* SearchPictureViewController.swift */ = {isa = PBXFileReference; lastKnownFileType = sourcecode.swift; path = SearchPictureViewController.swift; sourceTree = "<group>"; };
		6FD50EC42B17656900127308 /* PhotoOfTheDayNetworkManager.swift */ = {isa = PBXFileReference; lastKnownFileType = sourcecode.swift; path = PhotoOfTheDayNetworkManager.swift; sourceTree = "<group>"; };
		6FD50ECC2B17BBF400127308 /* loadingBlue.json */ = {isa = PBXFileReference; fileEncoding = 4; lastKnownFileType = text.json; path = loadingBlue.json; sourceTree = "<group>"; };
		6FD50ECE2B1861DF00127308 /* error.json */ = {isa = PBXFileReference; fileEncoding = 4; lastKnownFileType = text.json; path = error.json; sourceTree = "<group>"; };
		6FD50EE52B18F3A200127308 /* NasaModel.xcdatamodel */ = {isa = PBXFileReference; lastKnownFileType = wrapper.xcdatamodel; path = NasaModel.xcdatamodel; sourceTree = "<group>"; };
		6FD50EE92B19057400127308 /* space.json */ = {isa = PBXFileReference; fileEncoding = 4; lastKnownFileType = text.json; name = space.json; path = ../../../../../Downloads/space.json; sourceTree = "<group>"; };
/* End PBXFileReference section */

/* Begin PBXFrameworksBuildPhase section */
		6F47DBC52B11E6FB00992389 /* Frameworks */ = {
			isa = PBXFrameworksBuildPhase;
			buildActionMask = 2147483647;
			files = (
				6F47DC0A2B1373CB00992389 /* SDWebImage in Frameworks */,
				6F47DC0C2B1373CB00992389 /* SDWebImageMapKit in Frameworks */,
				6F47DBF12B131EB700992389 /* Lottie in Frameworks */,
			);
			runOnlyForDeploymentPostprocessing = 0;
		};
/* End PBXFrameworksBuildPhase section */

/* Begin PBXGroup section */
		6F47DBBF2B11E6FB00992389 = {
			isa = PBXGroup;
			children = (
				6F47DBCA2B11E6FB00992389 /* NasaApplication */,
				6F47DBC92B11E6FB00992389 /* Products */,
				6FD50EDE2B18F30300127308 /* Frameworks */,
			);
			sourceTree = "<group>";
		};
		6F47DBC92B11E6FB00992389 /* Products */ = {
			isa = PBXGroup;
			children = (
				6F47DBC82B11E6FB00992389 /* NasaApplication.app */,
			);
			name = Products;
			sourceTree = "<group>";
		};
		6F47DBCA2B11E6FB00992389 /* NasaApplication */ = {
			isa = PBXGroup;
			children = (
				6F47DC102B149DBD00992389 /* AppDelegate */,
				6F47DC122B149EE800992389 /* NetworkManager */,
				6F47DC0D2B149DA600992389 /* Model */,
				6F47DC0E2B149DAC00992389 /* View */,
				6F47DC1A2B14A2DB00992389 /* Cells */,
				6F47DC0F2B149DB300992389 /* Controller */,
				6F47DC112B149E3300992389 /* Extension */,
				6FD50ED22B18621700127308 /* LottieAnimation */,
				6F47DBD42B11E6FC00992389 /* Assets.xcassets */,
				6F47DBD92B11E6FC00992389 /* Info.plist */,
			);
			path = NasaApplication;
			sourceTree = "<group>";
		};
		6F47DC0D2B149DA600992389 /* Model */ = {
			isa = PBXGroup;
			children = (
				6F47DC022B136AFB00992389 /* Photo.swift */,
				6F47DC132B149F1C00992389 /* Asteroid.swift */,
				6F25E04F2B15B38200620097 /* AsteroidModel.swift */,
			);
			path = Model;
			sourceTree = "<group>";
		};
		6F47DC0E2B149DAC00992389 /* View */ = {
			isa = PBXGroup;
			children = (
				6F47DBD62B11E6FC00992389 /* LaunchScreen.storyboard */,
			);
			path = View;
			sourceTree = "<group>";
		};
		6F47DC0F2B149DB300992389 /* Controller */ = {
			isa = PBXGroup;
			children = (
				6F47DBE72B12157A00992389 /* MainTabBarController.swift */,
				6F47DBDF2B11F74200992389 /* HomeViewController.swift */,
				6F47DC062B13717600992389 /* TodaysPictureViewController.swift */,
				6F47DC1B2B14AE8400992389 /* RandomSetViewController.swift */,
				6F25E05B2B17501700620097 /* RandomPhotoDetailViewController.swift */,
				6FB64D7F2B1A09DC003952F0 /* SearchPictureViewController.swift */,
				6F47DBE32B12012000992389 /* AsteroidViewController.swift */,
				6F47DBE52B1202D300992389 /* BookmarksViewController.swift */,
				6FB64D752B199933003952F0 /* BookmarkPhotoDetailViewController.swift */,
			);
			path = Controller;
			sourceTree = "<group>";
		};
		6F47DC102B149DBD00992389 /* AppDelegate */ = {
			isa = PBXGroup;
			children = (
				6F47DBCB2B11E6FB00992389 /* AppDelegate.swift */,
				6F47DBCD2B11E6FB00992389 /* SceneDelegate.swift */,
			);
			path = AppDelegate;
			sourceTree = "<group>";
		};
		6F47DC112B149E3300992389 /* Extension */ = {
			isa = PBXGroup;
			children = (
				6F47DBED2B12939900992389 /* Extension.swift */,
				6F47DBEB2B127F6B00992389 /* UIColorExtension.swift */,
			);
			path = Extension;
			sourceTree = "<group>";
		};
		6F47DC122B149EE800992389 /* NetworkManager */ = {
			isa = PBXGroup;
			children = (
				6F47DC042B136B8C00992389 /* PhotoNetworkManager.swift */,
				6F47DC152B149F4E00992389 /* AsteroidNetworkManager.swift */,
				6FD50EC42B17656900127308 /* PhotoOfTheDayNetworkManager.swift */,
			);
			path = NetworkManager;
			sourceTree = "<group>";
		};
		6F47DC1A2B14A2DB00992389 /* Cells */ = {
			isa = PBXGroup;
			children = (
				6F25E0552B16341500620097 /* AsteroidTableViewCell.swift */,
				6F1A27152B1B79BE001B8FED /* BookmarksTableViewCell.swift */,
			);
			path = Cells;
			sourceTree = "<group>";
		};
		6FD50ED22B18621700127308 /* LottieAnimation */ = {
			isa = PBXGroup;
			children = (
				6FD50EE92B19057400127308 /* space.json */,
				6FD50ECE2B1861DF00127308 /* error.json */,
				6FD50ECC2B17BBF400127308 /* loadingBlue.json */,
				6F47DBFE2B13531200992389 /* nasaAnimationMain.json */,
			);
			path = LottieAnimation;
			sourceTree = "<group>";
		};
		6FD50EDE2B18F30300127308 /* Frameworks */ = {
			isa = PBXGroup;
			children = (
				6FD50EE42B18F3A200127308 /* NasaModel.xcdatamodeld */,
			);
			name = Frameworks;
			sourceTree = "<group>";
		};
/* End PBXGroup section */

/* Begin PBXNativeTarget section */
		6F47DBC72B11E6FB00992389 /* NasaApplication */ = {
			isa = PBXNativeTarget;
			buildConfigurationList = 6F47DBDC2B11E6FC00992389 /* Build configuration list for PBXNativeTarget "NasaApplication" */;
			buildPhases = (
				6F47DBC42B11E6FB00992389 /* Sources */,
				6F47DBC52B11E6FB00992389 /* Frameworks */,
				6F47DBC62B11E6FB00992389 /* Resources */,
			);
			buildRules = (
			);
			dependencies = (
			);
			name = NasaApplication;
			packageProductDependencies = (
				6F47DBF02B131EB700992389 /* Lottie */,
				6F47DC092B1373CB00992389 /* SDWebImage */,
				6F47DC0B2B1373CB00992389 /* SDWebImageMapKit */,
			);
			productName = NasaApplication;
			productReference = 6F47DBC82B11E6FB00992389 /* NasaApplication.app */;
			productType = "com.apple.product-type.application";
		};
/* End PBXNativeTarget section */

/* Begin PBXProject section */
		6F47DBC02B11E6FB00992389 /* Project object */ = {
			isa = PBXProject;
			attributes = {
				BuildIndependentTargetsInParallel = 1;
				LastSwiftUpdateCheck = 1500;
				LastUpgradeCheck = 1500;
				TargetAttributes = {
					6F47DBC72B11E6FB00992389 = {
						CreatedOnToolsVersion = 15.0.1;
					};
				};
			};
			buildConfigurationList = 6F47DBC32B11E6FB00992389 /* Build configuration list for PBXProject "NasaApplication" */;
			compatibilityVersion = "Xcode 14.0";
			developmentRegion = en;
			hasScannedForEncodings = 0;
			knownRegions = (
				en,
				Base,
			);
			mainGroup = 6F47DBBF2B11E6FB00992389;
			packageReferences = (
				6F47DBEF2B131EB700992389 /* XCRemoteSwiftPackageReference "lottie-ios" */,
				6F47DC082B1373CB00992389 /* XCRemoteSwiftPackageReference "SDWebImage" */,
			);
			productRefGroup = 6F47DBC92B11E6FB00992389 /* Products */;
			projectDirPath = "";
			projectRoot = "";
			targets = (
				6F47DBC72B11E6FB00992389 /* NasaApplication */,
			);
		};
/* End PBXProject section */

/* Begin PBXResourcesBuildPhase section */
		6F47DBC62B11E6FB00992389 /* Resources */ = {
			isa = PBXResourcesBuildPhase;
			buildActionMask = 2147483647;
			files = (
				6FD50ECF2B1861DF00127308 /* error.json in Resources */,
				6FD50EEA2B19057400127308 /* space.json in Resources */,
				6F47DBD82B11E6FC00992389 /* LaunchScreen.storyboard in Resources */,
				6F47DBD52B11E6FC00992389 /* Assets.xcassets in Resources */,
				6F47DBFF2B13531200992389 /* nasaAnimationMain.json in Resources */,
				6FD50ECD2B17BBF400127308 /* loadingBlue.json in Resources */,
			);
			runOnlyForDeploymentPostprocessing = 0;
		};
/* End PBXResourcesBuildPhase section */

/* Begin PBXSourcesBuildPhase section */
		6F47DBC42B11E6FB00992389 /* Sources */ = {
			isa = PBXSourcesBuildPhase;
			buildActionMask = 2147483647;
			files = (
				6F25E0562B16341500620097 /* AsteroidTableViewCell.swift in Sources */,
				6F47DBEE2B12939900992389 /* Extension.swift in Sources */,
				6F47DC162B149F4E00992389 /* AsteroidNetworkManager.swift in Sources */,
				6F47DC072B13717600992389 /* TodaysPictureViewController.swift in Sources */,
				6F47DBE62B1202D300992389 /* BookmarksViewController.swift in Sources */,
				6F25E05C2B17501700620097 /* RandomPhotoDetailViewController.swift in Sources */,
				6F47DC1C2B14AE8400992389 /* RandomSetViewController.swift in Sources */,
				6F47DC052B136B8C00992389 /* PhotoNetworkManager.swift in Sources */,
				6F47DBE02B11F74200992389 /* HomeViewController.swift in Sources */,
				6F47DBCC2B11E6FB00992389 /* AppDelegate.swift in Sources */,
				6F1A27162B1B79BE001B8FED /* BookmarksTableViewCell.swift in Sources */,
				6FD50EE62B18F3A200127308 /* NasaModel.xcdatamodeld in Sources */,
				6FB64D802B1A09DC003952F0 /* SearchPictureViewController.swift in Sources */,
				6F47DC032B136AFB00992389 /* Photo.swift in Sources */,
				6FB64D762B199934003952F0 /* BookmarkPhotoDetailViewController.swift in Sources */,
				6F47DBEC2B127F6B00992389 /* UIColorExtension.swift in Sources */,
				6FD50EC52B17656900127308 /* PhotoOfTheDayNetworkManager.swift in Sources */,
				6F25E0502B15B38200620097 /* AsteroidModel.swift in Sources */,
				6F47DBE82B12157A00992389 /* MainTabBarController.swift in Sources */,
				6F47DBCE2B11E6FB00992389 /* SceneDelegate.swift in Sources */,
				6F47DC142B149F1C00992389 /* Asteroid.swift in Sources */,
				6F47DBE42B12012000992389 /* AsteroidViewController.swift in Sources */,
			);
			runOnlyForDeploymentPostprocessing = 0;
		};
/* End PBXSourcesBuildPhase section */

/* Begin PBXVariantGroup section */
		6F47DBD62B11E6FC00992389 /* LaunchScreen.storyboard */ = {
			isa = PBXVariantGroup;
			children = (
				6F47DBD72B11E6FC00992389 /* Base */,
			);
			name = LaunchScreen.storyboard;
			sourceTree = "<group>";
		};
/* End PBXVariantGroup section */

/* Begin XCBuildConfiguration section */
		6F47DBDA2B11E6FC00992389 /* Debug */ = {
			isa = XCBuildConfiguration;
			buildSettings = {
				ALWAYS_SEARCH_USER_PATHS = NO;
				ASSETCATALOG_COMPILER_GENERATE_SWIFT_ASSET_SYMBOL_EXTENSIONS = YES;
				CLANG_ANALYZER_NONNULL = YES;
				CLANG_ANALYZER_NUMBER_OBJECT_CONVERSION = YES_AGGRESSIVE;
				CLANG_CXX_LANGUAGE_STANDARD = "gnu++20";
				CLANG_ENABLE_MODULES = YES;
				CLANG_ENABLE_OBJC_ARC = YES;
				CLANG_ENABLE_OBJC_WEAK = YES;
				CLANG_WARN_BLOCK_CAPTURE_AUTORELEASING = YES;
				CLANG_WARN_BOOL_CONVERSION = YES;
				CLANG_WARN_COMMA = YES;
				CLANG_WARN_CONSTANT_CONVERSION = YES;
				CLANG_WARN_DEPRECATED_OBJC_IMPLEMENTATIONS = YES;
				CLANG_WARN_DIRECT_OBJC_ISA_USAGE = YES_ERROR;
				CLANG_WARN_DOCUMENTATION_COMMENTS = YES;
				CLANG_WARN_EMPTY_BODY = YES;
				CLANG_WARN_ENUM_CONVERSION = YES;
				CLANG_WARN_INFINITE_RECURSION = YES;
				CLANG_WARN_INT_CONVERSION = YES;
				CLANG_WARN_NON_LITERAL_NULL_CONVERSION = YES;
				CLANG_WARN_OBJC_IMPLICIT_RETAIN_SELF = YES;
				CLANG_WARN_OBJC_LITERAL_CONVERSION = YES;
				CLANG_WARN_OBJC_ROOT_CLASS = YES_ERROR;
				CLANG_WARN_QUOTED_INCLUDE_IN_FRAMEWORK_HEADER = YES;
				CLANG_WARN_RANGE_LOOP_ANALYSIS = YES;
				CLANG_WARN_STRICT_PROTOTYPES = YES;
				CLANG_WARN_SUSPICIOUS_MOVE = YES;
				CLANG_WARN_UNGUARDED_AVAILABILITY = YES_AGGRESSIVE;
				CLANG_WARN_UNREACHABLE_CODE = YES;
				CLANG_WARN__DUPLICATE_METHOD_MATCH = YES;
				COPY_PHASE_STRIP = NO;
				DEBUG_INFORMATION_FORMAT = dwarf;
				ENABLE_STRICT_OBJC_MSGSEND = YES;
				ENABLE_TESTABILITY = YES;
				ENABLE_USER_SCRIPT_SANDBOXING = YES;
				GCC_C_LANGUAGE_STANDARD = gnu17;
				GCC_DYNAMIC_NO_PIC = NO;
				GCC_NO_COMMON_BLOCKS = YES;
				GCC_OPTIMIZATION_LEVEL = 0;
				GCC_PREPROCESSOR_DEFINITIONS = (
					"DEBUG=1",
					"$(inherited)",
				);
				GCC_WARN_64_TO_32_BIT_CONVERSION = YES;
				GCC_WARN_ABOUT_RETURN_TYPE = YES_ERROR;
				GCC_WARN_UNDECLARED_SELECTOR = YES;
				GCC_WARN_UNINITIALIZED_AUTOS = YES_AGGRESSIVE;
				GCC_WARN_UNUSED_FUNCTION = YES;
				GCC_WARN_UNUSED_VARIABLE = YES;
				IPHONEOS_DEPLOYMENT_TARGET = 17.0;
				LOCALIZATION_PREFERS_STRING_CATALOGS = YES;
				MTL_ENABLE_DEBUG_INFO = INCLUDE_SOURCE;
				MTL_FAST_MATH = YES;
				ONLY_ACTIVE_ARCH = YES;
				SDKROOT = iphoneos;
				SWIFT_ACTIVE_COMPILATION_CONDITIONS = "DEBUG $(inherited)";
				SWIFT_OPTIMIZATION_LEVEL = "-Onone";
			};
			name = Debug;
		};
		6F47DBDB2B11E6FC00992389 /* Release */ = {
			isa = XCBuildConfiguration;
			buildSettings = {
				ALWAYS_SEARCH_USER_PATHS = NO;
				ASSETCATALOG_COMPILER_GENERATE_SWIFT_ASSET_SYMBOL_EXTENSIONS = YES;
				CLANG_ANALYZER_NONNULL = YES;
				CLANG_ANALYZER_NUMBER_OBJECT_CONVERSION = YES_AGGRESSIVE;
				CLANG_CXX_LANGUAGE_STANDARD = "gnu++20";
				CLANG_ENABLE_MODULES = YES;
				CLANG_ENABLE_OBJC_ARC = YES;
				CLANG_ENABLE_OBJC_WEAK = YES;
				CLANG_WARN_BLOCK_CAPTURE_AUTORELEASING = YES;
				CLANG_WARN_BOOL_CONVERSION = YES;
				CLANG_WARN_COMMA = YES;
				CLANG_WARN_CONSTANT_CONVERSION = YES;
				CLANG_WARN_DEPRECATED_OBJC_IMPLEMENTATIONS = YES;
				CLANG_WARN_DIRECT_OBJC_ISA_USAGE = YES_ERROR;
				CLANG_WARN_DOCUMENTATION_COMMENTS = YES;
				CLANG_WARN_EMPTY_BODY = YES;
				CLANG_WARN_ENUM_CONVERSION = YES;
				CLANG_WARN_INFINITE_RECURSION = YES;
				CLANG_WARN_INT_CONVERSION = YES;
				CLANG_WARN_NON_LITERAL_NULL_CONVERSION = YES;
				CLANG_WARN_OBJC_IMPLICIT_RETAIN_SELF = YES;
				CLANG_WARN_OBJC_LITERAL_CONVERSION = YES;
				CLANG_WARN_OBJC_ROOT_CLASS = YES_ERROR;
				CLANG_WARN_QUOTED_INCLUDE_IN_FRAMEWORK_HEADER = YES;
				CLANG_WARN_RANGE_LOOP_ANALYSIS = YES;
				CLANG_WARN_STRICT_PROTOTYPES = YES;
				CLANG_WARN_SUSPICIOUS_MOVE = YES;
				CLANG_WARN_UNGUARDED_AVAILABILITY = YES_AGGRESSIVE;
				CLANG_WARN_UNREACHABLE_CODE = YES;
				CLANG_WARN__DUPLICATE_METHOD_MATCH = YES;
				COPY_PHASE_STRIP = NO;
				DEBUG_INFORMATION_FORMAT = "dwarf-with-dsym";
				ENABLE_NS_ASSERTIONS = NO;
				ENABLE_STRICT_OBJC_MSGSEND = YES;
				ENABLE_USER_SCRIPT_SANDBOXING = YES;
				GCC_C_LANGUAGE_STANDARD = gnu17;
				GCC_NO_COMMON_BLOCKS = YES;
				GCC_WARN_64_TO_32_BIT_CONVERSION = YES;
				GCC_WARN_ABOUT_RETURN_TYPE = YES_ERROR;
				GCC_WARN_UNDECLARED_SELECTOR = YES;
				GCC_WARN_UNINITIALIZED_AUTOS = YES_AGGRESSIVE;
				GCC_WARN_UNUSED_FUNCTION = YES;
				GCC_WARN_UNUSED_VARIABLE = YES;
				IPHONEOS_DEPLOYMENT_TARGET = 17.0;
				LOCALIZATION_PREFERS_STRING_CATALOGS = YES;
				MTL_ENABLE_DEBUG_INFO = NO;
				MTL_FAST_MATH = YES;
				SDKROOT = iphoneos;
				SWIFT_COMPILATION_MODE = wholemodule;
				VALIDATE_PRODUCT = YES;
			};
			name = Release;
		};
		6F47DBDD2B11E6FC00992389 /* Debug */ = {
			isa = XCBuildConfiguration;
			buildSettings = {
				ASSETCATALOG_COMPILER_APPICON_NAME = AppIcon;
				ASSETCATALOG_COMPILER_GLOBAL_ACCENT_COLOR_NAME = AccentColor;
				CODE_SIGN_STYLE = Automatic;
				CURRENT_PROJECT_VERSION = 1;
				DEVELOPMENT_TEAM = 4CF5B4QS76;
				GENERATE_INFOPLIST_FILE = YES;
				INFOPLIST_FILE = NasaApplication/Info.plist;
				INFOPLIST_KEY_UIApplicationSupportsIndirectInputEvents = YES;
				INFOPLIST_KEY_UILaunchStoryboardName = LaunchScreen;
				INFOPLIST_KEY_UISupportedInterfaceOrientations_iPad = "UIInterfaceOrientationPortrait UIInterfaceOrientationPortraitUpsideDown UIInterfaceOrientationLandscapeLeft UIInterfaceOrientationLandscapeRight";
				INFOPLIST_KEY_UISupportedInterfaceOrientations_iPhone = "UIInterfaceOrientationPortrait UIInterfaceOrientationLandscapeLeft UIInterfaceOrientationLandscapeRight";
				IPHONEOS_DEPLOYMENT_TARGET = 15.0;
				LD_RUNPATH_SEARCH_PATHS = (
					"$(inherited)",
					"@executable_path/Frameworks",
				);
				MARKETING_VERSION = 1.0;
				PRODUCT_BUNDLE_IDENTIFIER = com.omak.NasaApplication;
				PRODUCT_NAME = "$(TARGET_NAME)";
				SWIFT_EMIT_LOC_STRINGS = YES;
				SWIFT_VERSION = 5.0;
				TARGETED_DEVICE_FAMILY = "1,2";
			};
			name = Debug;
		};
		6F47DBDE2B11E6FC00992389 /* Release */ = {
			isa = XCBuildConfiguration;
			buildSettings = {
				ASSETCATALOG_COMPILER_APPICON_NAME = AppIcon;
				ASSETCATALOG_COMPILER_GLOBAL_ACCENT_COLOR_NAME = AccentColor;
				CODE_SIGN_STYLE = Automatic;
				CURRENT_PROJECT_VERSION = 1;
				DEVELOPMENT_TEAM = 4CF5B4QS76;
				GENERATE_INFOPLIST_FILE = YES;
				INFOPLIST_FILE = NasaApplication/Info.plist;
				INFOPLIST_KEY_UIApplicationSupportsIndirectInputEvents = YES;
				INFOPLIST_KEY_UILaunchStoryboardName = LaunchScreen;
				INFOPLIST_KEY_UISupportedInterfaceOrientations_iPad = "UIInterfaceOrientationPortrait UIInterfaceOrientationPortraitUpsideDown UIInterfaceOrientationLandscapeLeft UIInterfaceOrientationLandscapeRight";
				INFOPLIST_KEY_UISupportedInterfaceOrientations_iPhone = "UIInterfaceOrientationPortrait UIInterfaceOrientationLandscapeLeft UIInterfaceOrientationLandscapeRight";
				IPHONEOS_DEPLOYMENT_TARGET = 15.0;
				LD_RUNPATH_SEARCH_PATHS = (
					"$(inherited)",
					"@executable_path/Frameworks",
				);
				MARKETING_VERSION = 1.0;
				PRODUCT_BUNDLE_IDENTIFIER = com.omak.NasaApplication;
				PRODUCT_NAME = "$(TARGET_NAME)";
				SWIFT_EMIT_LOC_STRINGS = YES;
				SWIFT_VERSION = 5.0;
				TARGETED_DEVICE_FAMILY = "1,2";
			};
			name = Release;
		};
/* End XCBuildConfiguration section */

/* Begin XCConfigurationList section */
		6F47DBC32B11E6FB00992389 /* Build configuration list for PBXProject "NasaApplication" */ = {
			isa = XCConfigurationList;
			buildConfigurations = (
				6F47DBDA2B11E6FC00992389 /* Debug */,
				6F47DBDB2B11E6FC00992389 /* Release */,
			);
			defaultConfigurationIsVisible = 0;
			defaultConfigurationName = Release;
		};
		6F47DBDC2B11E6FC00992389 /* Build configuration list for PBXNativeTarget "NasaApplication" */ = {
			isa = XCConfigurationList;
			buildConfigurations = (
				6F47DBDD2B11E6FC00992389 /* Debug */,
				6F47DBDE2B11E6FC00992389 /* Release */,
			);
			defaultConfigurationIsVisible = 0;
			defaultConfigurationName = Release;
		};
/* End XCConfigurationList section */

/* Begin XCRemoteSwiftPackageReference section */
		6F47DBEF2B131EB700992389 /* XCRemoteSwiftPackageReference "lottie-ios" */ = {
			isa = XCRemoteSwiftPackageReference;
			repositoryURL = "https://github.com/airbnb/lottie-ios";
			requirement = {
				kind = upToNextMajorVersion;
				minimumVersion = 4.3.3;
			};
		};
		6F47DC082B1373CB00992389 /* XCRemoteSwiftPackageReference "SDWebImage" */ = {
			isa = XCRemoteSwiftPackageReference;
			repositoryURL = "https://github.com/SDWebImage/SDWebImage";
			requirement = {
				kind = upToNextMajorVersion;
				minimumVersion = 5.18.5;
			};
		};
/* End XCRemoteSwiftPackageReference section */

/* Begin XCSwiftPackageProductDependency section */
		6F47DBF02B131EB700992389 /* Lottie */ = {
			isa = XCSwiftPackageProductDependency;
			package = 6F47DBEF2B131EB700992389 /* XCRemoteSwiftPackageReference "lottie-ios" */;
			productName = Lottie;
		};
		6F47DC092B1373CB00992389 /* SDWebImage */ = {
			isa = XCSwiftPackageProductDependency;
			package = 6F47DC082B1373CB00992389 /* XCRemoteSwiftPackageReference "SDWebImage" */;
			productName = SDWebImage;
		};
		6F47DC0B2B1373CB00992389 /* SDWebImageMapKit */ = {
			isa = XCSwiftPackageProductDependency;
			package = 6F47DC082B1373CB00992389 /* XCRemoteSwiftPackageReference "SDWebImage" */;
			productName = SDWebImageMapKit;
		};
/* End XCSwiftPackageProductDependency section */

/* Begin XCVersionGroup section */
		6FD50EE42B18F3A200127308 /* NasaModel.xcdatamodeld */ = {
			isa = XCVersionGroup;
			children = (
				6FD50EE52B18F3A200127308 /* NasaModel.xcdatamodel */,
			);
			currentVersion = 6FD50EE52B18F3A200127308 /* NasaModel.xcdatamodel */;
			path = NasaModel.xcdatamodeld;
			sourceTree = "<group>";
			versionGroupType = wrapper.xcdatamodel;
		};
/* End XCVersionGroup section */
	};
	rootObject = 6F47DBC02B11E6FB00992389 /* Project object */;
}
